
Microsoft Visual Studio Solution File, Format Version 12.00
# Visual Studio 15
VisualStudioVersion = 15.0.28010.2036
MinimumVisualStudioVersion = 10.0.40219.1
Project("{9A19103F-16F7-4668-BE54-9A1E7A4F7556}") = "restapi", "restapi\restapi.csproj", "{F4DDAB71-1694-4273-AED6-284A75A5C67A}"
EndProject
Project("{FAE04EC0-301F-11D3-BF4B-00C04F79EFBC}") = "WpfApp", "WpfApp\WpfApp.csproj", "{E1E0171D-785E-4A71-95F0-5CC8A85B4C7B}"
EndProject
Global
	GlobalSection(SolutionConfigurationPlatforms) = preSolution
		Debug|Any CPU = Debug|Any CPU
		Release|Any CPU = Release|Any CPU
	EndGlobalSection
	GlobalSection(ProjectConfigurationPlatforms) = postSolution
		{F4DDAB71-1694-4273-AED6-284A75A5C67A}.Debug|Any CPU.ActiveCfg = Debug|Any CPU
		{F4DDAB71-1694-4273-AED6-284A75A5C67A}.Debug|Any CPU.Build.0 = Debug|Any CPU
		{F4DDAB71-1694-4273-AED6-284A75A5C67A}.Release|Any CPU.ActiveCfg = Release|Any CPU
		{F4DDAB71-1694-4273-AED6-284A75A5C67A}.Release|Any CPU.Build.0 = Release|Any CPU
		{E1E0171D-785E-4A71-95F0-5CC8A85B4C7B}.Debug|Any CPU.ActiveCfg = Debug|Any CPU
		{E1E0171D-785E-4A71-95F0-5CC8A85B4C7B}.Debug|Any CPU.Build.0 = Debug|Any CPU
		{E1E0171D-785E-4A71-95F0-5CC8A85B4C7B}.Release|Any CPU.ActiveCfg = Release|Any CPU
		{E1E0171D-785E-4A71-95F0-5CC8A85B4C7B}.Release|Any CPU.Build.0 = Release|Any CPU
	EndGlobalSection
	GlobalSection(SolutionProperties) = preSolution
		HideSolutionNode = FALSE
	EndGlobalSection
	GlobalSection(ExtensibilityGlobals) = postSolution
		SolutionGuid = {5CBC9592-5DE0-4B0E-8B00-3D7B1C263594}
	EndGlobalSection
EndGlobal
